
Microsoft Visual Studio Solution File, Format Version 12.00
# Visual Studio Version 17
VisualStudioVersion = 17.10.35013.160
MinimumVisualStudioVersion = 10.0.40219.1
Project("{FAE04EC0-301F-11D3-BF4B-00C04F79EFBC}") = "CS-MovieCards-API", "CS-MovieCards-API.csproj", "{E2ADCB1C-8234-4D1E-A5A2-5EA9DFDB313E}"
EndProject
Global
	GlobalSection(SolutionConfigurationPlatforms) = preSolution
		Debug|Any CPU = Debug|Any CPU
		Release|Any CPU = Release|Any CPU
	EndGlobalSection
	GlobalSection(ProjectConfigurationPlatforms) = postSolution
		{E2ADCB1C-8234-4D1E-A5A2-5EA9DFDB313E}.Debug|Any CPU.ActiveCfg = Debug|Any CPU
		{E2ADCB1C-8234-4D1E-A5A2-5EA9DFDB313E}.Debug|Any CPU.Build.0 = Debug|Any CPU
		{E2ADCB1C-8234-4D1E-A5A2-5EA9DFDB313E}.Release|Any CPU.ActiveCfg = Release|Any CPU
		{E2ADCB1C-8234-4D1E-A5A2-5EA9DFDB313E}.Release|Any CPU.Build.0 = Release|Any CPU
	EndGlobalSection
	GlobalSection(SolutionProperties) = preSolution
		HideSolutionNode = FALSE
	EndGlobalSection
	GlobalSection(ExtensibilityGlobals) = postSolution
		SolutionGuid = {059073FD-8A15-4AEF-AB86-C1055D047452}
	EndGlobalSection
EndGlobal
